<Solution>
  <Folder Name="/src/">
    <Project Path="SyntaxAnalyser/SyntaxAnalyser.csproj" />
    <Project Path="VMTranslator/VMTranslator.csproj" />
  </Folder>
  <Folder Name="/tests/">
    <Project Path="tests/SyntaxAnalyser.Tests/SyntaxAnalyser.Tests.csproj" />
    <Project Path="tests/VMTranslator.Tests/VMTranslator.Tests.csproj" />
  </Folder>
</Solution>
